
Microsoft Visual Studio Solution File, Format Version 12.00
# Visual Studio Version 16
VisualStudioVersion = 16.0.30907.101
MinimumVisualStudioVersion = 10.0.40219.1
Project("{FAE04EC0-301F-11D3-BF4B-00C04F79EFBC}") = "OgrBilgiSistemi", "OgrBilgiSistemi\OgrBilgiSistemi.csproj", "{9FD7FAED-41C0-4C6A-AC2B-D155C96BBC53}"
EndProject
Global
	GlobalSection(SolutionConfigurationPlatforms) = preSolution
		Debug|Any CPU = Debug|Any CPU
		Release|Any CPU = Release|Any CPU
	EndGlobalSection
	GlobalSection(ProjectConfigurationPlatforms) = postSolution
		{9FD7FAED-41C0-4C6A-AC2B-D155C96BBC53}.Debug|Any CPU.ActiveCfg = Debug|Any CPU
		{9FD7FAED-41C0-4C6A-AC2B-D155C96BBC53}.Debug|Any CPU.Build.0 = Debug|Any CPU
		{9FD7FAED-41C0-4C6A-AC2B-D155C96BBC53}.Release|Any CPU.ActiveCfg = Release|Any CPU
		{9FD7FAED-41C0-4C6A-AC2B-D155C96BBC53}.Release|Any CPU.Build.0 = Release|Any CPU
	EndGlobalSection
	GlobalSection(SolutionProperties) = preSolution
		HideSolutionNode = FALSE
	EndGlobalSection
	GlobalSection(ExtensibilityGlobals) = postSolution
		SolutionGuid = {A160EDC2-9531-4B69-9146-F88FCC4E3AEB}
	EndGlobalSection
EndGlobal
